# THIS IS AN AUTOGENERATED FILE. DO NOT EDIT THIS FILE DIRECTLY.
# yarn lockfile v1


"@types/component-emitter@^1.2.10":
  version "1.2.10"
  resolved "https://registry.npmjs.org/@types/component-emitter/-/component-emitter-1.2.10.tgz#ef5b1589b9f16544642e473db5ea5639107ef3ea"
  integrity sha512-bsjleuRKWmGqajMerkzox19aGbscQX5rmmvvXl3wlIp5gMG1HgkiwPxsN5p070fBDKTNSPgojVbuY1+HWMbFhg==

"@types/cookie@^0.4.0":
  version "0.4.1"
  resolved "https://registry.npmjs.org/@types/cookie/-/cookie-0.4.1.tgz#bfd02c1f2224567676c1545199f87c3a861d878d"
  integrity sha512-XW/Aa8APYr6jSVVA1y/DEIZX0/GMKLEVekNG727R8cs56ahETkRAy/3DR7+fJyh7oUgGwNQaRfXCun0+KbWY7Q==

"@types/cors@^2.8.10":
  version "2.8.12"
  resolved "https://registry.npmjs.org/@types/cors/-/cors-2.8.12.tgz#6b2c510a7ad7039e98e7b8d3d6598f4359e5c080"
  integrity sha512-vt+kDhq/M2ayberEtJcIN/hxXy1Pk+59g2FV/ZQceeaTyCtCucjL2Q7FXlFjtWn4n15KCr1NE2lNNFhp0lEThw==

"@types/node@>=10.0.0":
  version "16.7.2"
  resolved "https://registry.npmjs.org/@types/node/-/node-16.7.2.tgz#0465a39b5456b61a04d98bd5545f8b34be340cb7"
  integrity sha512-TbG4TOx9hng8FKxaVrCisdaxKxqEwJ3zwHoCWXZ0Jw6mnvTInpaB99/2Cy4+XxpXtjNv9/TgfGSvZFyfV/t8Fw==

accepts@~1.1.2:
  version "1.1.4"
  resolved "https://registry.npmjs.org/accepts/-/accepts-1.1.4.tgz#d71c96f7d41d0feda2c38cd14e8a27c04158df4a"
  integrity sha1-1xyW99QdD+2iw4zRToonwEFY30o=
  dependencies:
    mime-types "~2.0.4"
    negotiator "0.4.9"

accepts@~1.3.4:
  version "1.3.7"
  resolved "https://registry.npmjs.org/accepts/-/accepts-1.3.7.tgz#531bc726517a3b2b41f850021c6cc15eaab507cd"
  integrity sha512-Il80Qs2WjYlJIBNzNkK6KYqlVMTbZLXgHx2oT0pU/fjRHyEp+PEfEPY0R3WCwAGVOtauxh1hOxNgIf5bv7dQpA==
  dependencies:
    mime-types "~2.1.24"
    negotiator "0.6.2"

base64-arraybuffer@0.1.4:
  version "0.1.4"
  resolved "https://registry.npmjs.org/base64-arraybuffer/-/base64-arraybuffer-0.1.4.tgz#9818c79e059b1355f97e0428a017c838e90ba812"
  integrity sha1-mBjHngWbE1X5fgQooBfIOOkLqBI=

base64id@2.0.0, base64id@~2.0.0:
  version "2.0.0"
  resolved "https://registry.npmjs.org/base64id/-/base64id-2.0.0.tgz#2770ac6bc47d312af97a8bf9a634342e0cd25cb6"
  integrity sha512-lGe34o6EHj9y3Kts9R4ZYs/Gr+6N7MCaMlIFA3F1R2O5/m7K06AxfSeO5530PEERE6/WyEg3lsuyw4GHlPZHog==

component-emitter@~1.3.0:
  version "1.3.0"
  resolved "https://registry.npmjs.org/component-emitter/-/component-emitter-1.3.0.tgz#16e4070fba8ae29b679f2215853ee181ab2eabc0"
  integrity sha512-Rd3se6QB+sO1TwqZjscQrurpEPIfO0/yYnSin6Q/rD3mOutHvUrCAhJub3r90uNb+SESBuE0QYoB90YdfatsRg==

cookie-signature@1.0.5:
  version "1.0.5"
  resolved "https://registry.npmjs.org/cookie-signature/-/cookie-signature-1.0.5.tgz#a122e3f1503eca0f5355795b0711bb2368d450f9"
  integrity sha1-oSLj8VA+yg9TVXlbBxG7I2jUUPk=

cookie@0.1.2:
  version "0.1.2"
  resolved "https://registry.npmjs.org/cookie/-/cookie-0.1.2.tgz#72fec3d24e48a3432073d90c12642005061004b1"
  integrity sha1-cv7D0k5Io0Mgc9kMEmQgBQYQBLE=

cookie@~0.4.1:
  version "0.4.1"
  resolved "https://registry.npmjs.org/cookie/-/cookie-0.4.1.tgz#afd713fe26ebd21ba95ceb61f9a8116e50a537d1"
  integrity sha512-ZwrFkGJxUR3EIoXtO+yVE69Eb7KlixbaeAWfBQB9vVsNn/o+Yw69gBWSSDK825hQNdN+wF8zELf3dFNl/kxkUA==

cors@~2.8.5:
  version "2.8.5"
  resolved "https://registry.npmjs.org/cors/-/cors-2.8.5.tgz#eac11da51592dd86b9f06f6e7ac293b3df875d29"
  integrity sha512-KIHbLJqu73RGr/hnbrO9uBeixNGuvSQjul/jdFvS/KFSIH1hWVd1ng7zOHx+YrEfInLG7q4n6GHQ9cDtxv/P6g==
  dependencies:
    object-assign "^4"
    vary "^1"

crc@3.0.0:
  version "3.0.0"
  resolved "https://registry.npmjs.org/crc/-/crc-3.0.0.tgz#d11e97ec44a844e5eb15a74fa2c7875d0aac4b22"
  integrity sha1-0R6X7ESoROXrFadPoseHXQqsSyI=

debug@~2.0.0:
  version "2.0.0"
  resolved "https://registry.npmjs.org/debug/-/debug-2.0.0.tgz#89bd9df6732b51256bc6705342bba02ed12131ef"
  integrity sha1-ib2d9nMrUSVrxnBTQrugLtEhMe8=
  dependencies:
    ms "0.6.2"

debug@~4.3.1:
  version "4.3.2"
  resolved "https://registry.npmjs.org/debug/-/debug-4.3.2.tgz#f0a49c18ac8779e31d4a0c6029dfb76873c7428b"
  integrity sha512-mOp8wKcvj7XxC78zLgw/ZA+6TSgkoE2C/ienthhRD298T7UNwAg9diBpLRxC0mOezLl4B0xV7M0cCO6P/O0Xhw==
  dependencies:
    ms "2.1.2"

depd@0.4.5:
  version "0.4.5"
  resolved "https://registry.npmjs.org/depd/-/depd-0.4.5.tgz#1a664b53388b4a6573e8ae67b5f767c693ca97f1"
  integrity sha1-GmZLUziLSmVz6K5ntfdnxpPKl/E=

destroy@1.0.3:
  version "1.0.3"
  resolved "https://registry.npmjs.org/destroy/-/destroy-1.0.3.tgz#b433b4724e71fd8551d9885174851c5fc377e2c9"
  integrity sha1-tDO0ck5x/YVR2YhRdIUcX8N34sk=

ee-first@1.0.5:
  version "1.0.5"
  resolved "https://registry.npmjs.org/ee-first/-/ee-first-1.0.5.tgz#8c9b212898d8cd9f1a9436650ce7be202c9e9ff0"
  integrity sha1-jJshKJjYzZ8alDZlDOe+ICyen/A=

ee-first@1.1.0:
  version "1.1.0"
  resolved "https://registry.npmjs.org/ee-first/-/ee-first-1.1.0.tgz#6a0d7c6221e490feefd92ec3f441c9ce8cd097f4"
  integrity sha1-ag18YiHkkP7v2S7D9EHJzozQl/Q=

engine.io-parser@~4.0.0:
  version "4.0.2"
  resolved "https://registry.npmjs.org/engine.io-parser/-/engine.io-parser-4.0.2.tgz#e41d0b3fb66f7bf4a3671d2038a154024edb501e"
  integrity sha512-sHfEQv6nmtJrq6TKuIz5kyEKH/qSdK56H/A+7DnAuUPWosnIZAS2NHNcPLmyjtY3cGS/MqJdZbUjW97JU72iYg==
  dependencies:
    base64-arraybuffer "0.1.4"

engine.io@~5.1.1:
  version "5.1.1"
  resolved "https://registry.npmjs.org/engine.io/-/engine.io-5.1.1.tgz#a1f97e51ddf10cbd4db8b5ff4b165aad3760cdd3"
  integrity sha512-aMWot7H5aC8L4/T8qMYbLdvKlZOdJTH54FxfdFunTGvhMx1BHkJOntWArsVfgAZVwAO9LC2sryPWRcEeUzCe5w==
  dependencies:
    accepts "~1.3.4"
    base64id "2.0.0"
    cookie "~0.4.1"
    cors "~2.8.5"
    debug "~4.3.1"
    engine.io-parser "~4.0.0"
    ws "~7.4.2"

escape-html@1.0.1:
  version "1.0.1"
  resolved "https://registry.npmjs.org/escape-html/-/escape-html-1.0.1.tgz#181a286ead397a39a92857cfb1d43052e356bff0"
  integrity sha1-GBoobq05ejmpKFfPsdQwUuNWv/A=

etag@~1.4.0:
  version "1.4.0"
  resolved "https://registry.npmjs.org/etag/-/etag-1.4.0.tgz#3050991615857707c04119d075ba2088e0701225"
  integrity sha1-MFCZFhWFdwfAQRnQdbogiOBwEiU=
  dependencies:
    crc "3.0.0"

express@4.9.x:
  version "4.9.8"
  resolved "https://registry.npmjs.org/express/-/express-4.9.8.tgz#f360f596baeabbd0e5223b603d6eb578d9d2d10d"
  integrity sha1-82D1lrrqu9DlIjtgPW61eNnS0Q0=
  dependencies:
    accepts "~1.1.2"
    cookie "0.1.2"
    cookie-signature "1.0.5"
    debug "~2.0.0"
    depd "0.4.5"
    escape-html "1.0.1"
    etag "~1.4.0"
    finalhandler "0.2.0"
    fresh "0.2.4"
    media-typer "0.3.0"
    merge-descriptors "0.0.2"
    methods "1.1.0"
    on-finished "~2.1.0"
    parseurl "~1.3.0"
    path-to-regexp "0.1.3"
    proxy-addr "~1.0.3"
    qs "2.2.4"
    range-parser "~1.0.2"
    send "0.9.3"
    serve-static "~1.6.4"
    type-is "~1.5.2"
    utils-merge "1.0.0"
    vary "~1.0.0"

finalhandler@0.2.0:
  version "0.2.0"
  resolved "https://registry.npmjs.org/finalhandler/-/finalhandler-0.2.0.tgz#794082424b17f6a4b2a0eda39f9db6948ee4be8d"
  integrity sha1-eUCCQksX9qSyoO2jn522lI7kvo0=
  dependencies:
    debug "~2.0.0"
    escape-html "1.0.1"

forwarded@~0.1.0:
  version "0.1.2"
  resolved "https://registry.npmjs.org/forwarded/-/forwarded-0.1.2.tgz#98c23dab1175657b8c0573e8ceccd91b0ff18c84"
  integrity sha1-mMI9qxF1ZXuMBXPozszZGw/xjIQ=

fresh@0.2.4:
  version "0.2.4"
  resolved "https://registry.npmjs.org/fresh/-/fresh-0.2.4.tgz#3582499206c9723714190edd74b4604feb4a614c"
  integrity sha1-NYJJkgbJcjcUGQ7ddLRgT+tKYUw=

ipaddr.js@1.0.5:
  version "1.0.5"
  resolved "https://registry.npmjs.org/ipaddr.js/-/ipaddr.js-1.0.5.tgz#5fa78cf301b825c78abc3042d812723049ea23c7"
  integrity sha1-X6eM8wG4JceKvDBC2BJyMEnqI8c=

media-typer@0.3.0:
  version "0.3.0"
  resolved "https://registry.npmjs.org/media-typer/-/media-typer-0.3.0.tgz#8710d7af0aa626f8fffa1ce00168545263255748"
  integrity sha1-hxDXrwqmJvj/+hzgAWhUUmMlV0g=

merge-descriptors@0.0.2:
  version "0.0.2"
  resolved "https://registry.npmjs.org/merge-descriptors/-/merge-descriptors-0.0.2.tgz#c36a52a781437513c57275f39dd9d317514ac8c7"
  integrity sha1-w2pSp4FDdRPFcnXzndnTF1FKyMc=

methods@1.1.0:
  version "1.1.0"
  resolved "https://registry.npmjs.org/methods/-/methods-1.1.0.tgz#5dca4ee12df52ff3b056145986a8f01cbc86436f"
  integrity sha1-XcpO4S31L/OwVhRZhqjwHLyGQ28=

mime-db@1.49.0:
  version "1.49.0"
  resolved "https://registry.npmjs.org/mime-db/-/mime-db-1.49.0.tgz#f3dfde60c99e9cf3bc9701d687778f537001cbed"
  integrity sha512-CIc8j9URtOVApSFCQIF+VBkX1RwXp/oMMOrqdyXSBXq5RWNEsRfyj1kiRnQgmNXmHxPoFIxOroKA3zcU9P+nAA==

mime-db@~1.12.0:
  version "1.12.0"
  resolved "https://registry.npmjs.org/mime-db/-/mime-db-1.12.0.tgz#3d0c63180f458eb10d325aaa37d7c58ae312e9d7"
  integrity sha1-PQxjGA9FjrENMlqqN9fFiuMS6dc=

mime-types@~2.0.4, mime-types@~2.0.9:
  version "2.0.14"
  resolved "https://registry.npmjs.org/mime-types/-/mime-types-2.0.14.tgz#310e159db23e077f8bb22b748dabfa4957140aa6"
  integrity sha1-MQ4VnbI+B3+Lsit0jav6SVcUCqY=
  dependencies:
    mime-db "~1.12.0"

mime-types@~2.1.24:
  version "2.1.32"
  resolved "https://registry.npmjs.org/mime-types/-/mime-types-2.1.32.tgz#1d00e89e7de7fe02008db61001d9e02852670fd5"
  integrity sha512-hJGaVS4G4c9TSMYh2n6SQAGrC4RnfU+daP8G7cSCmaqNjiOoUY0VHCMS42pxnQmVF1GWwFhbHWn3RIxCqTmZ9A==
  dependencies:
    mime-db "1.49.0"

mime@1.2.11:
  version "1.2.11"
  resolved "https://registry.npmjs.org/mime/-/mime-1.2.11.tgz#58203eed86e3a5ef17aed2b7d9ebd47f0a60dd10"
  integrity sha1-WCA+7Ybjpe8XrtK32evUfwpg3RA=

ms@0.6.2:
  version "0.6.2"
  resolved "https://registry.npmjs.org/ms/-/ms-0.6.2.tgz#d89c2124c6fdc1353d65a8b77bf1aac4b193708c"
  integrity sha1-2JwhJMb9wTU9Zai3e/GqxLGTcIw=

ms@2.1.2:
  version "2.1.2"
  resolved "https://registry.npmjs.org/ms/-/ms-2.1.2.tgz#d09d1f357b443f493382a8eb3ccd183872ae6009"
  integrity sha512-sGkPx+VjMtmA6MX27oA4FBFELFCZZ4S4XqeGOXCv68tT+jb3vk/RyaKWP0PTKyWtmLSM0b+adUTEvbs1PEaH2w==

negotiator@0.4.9:
  version "0.4.9"
  resolved "https://registry.npmjs.org/negotiator/-/negotiator-0.4.9.tgz#92e46b6db53c7e421ed64a2bc94f08be7630df3f"
  integrity sha1-kuRrbbU8fkIe1koryU8IvnYw3z8=

negotiator@0.6.2:
  version "0.6.2"
  resolved "https://registry.npmjs.org/negotiator/-/negotiator-0.6.2.tgz#feacf7ccf525a77ae9634436a64883ffeca346fb"
  integrity sha512-hZXc7K2e+PgeI1eDBe/10Ard4ekbfrrqG8Ep+8Jmf4JID2bNg7NvCPOZN+kfF574pFQI7mum2AUqDidoKqcTOw==

object-assign@^4:
  version "4.1.1"
  resolved "https://registry.npmjs.org/object-assign/-/object-assign-4.1.1.tgz#2109adc7965887cfc05cbbd442cac8bfbb360863"
  integrity sha1-IQmtx5ZYh8/AXLvUQsrIv7s2CGM=

on-finished@2.1.0:
  version "2.1.0"
  resolved "https://registry.npmjs.org/on-finished/-/on-finished-2.1.0.tgz#0c539f09291e8ffadde0c8a25850fb2cedc7022d"
  integrity sha1-DFOfCSkej/rd4MiiWFD7LO3HAi0=
  dependencies:
    ee-first "1.0.5"

on-finished@~2.1.0:
  version "2.1.1"
  resolved "https://registry.npmjs.org/on-finished/-/on-finished-2.1.1.tgz#f82ca1c9e3a4f3286b1b9938610e5b8636bd3cb2"
  integrity sha1-+CyhyeOk8yhrG5k4YQ5bhja9PLI=
  dependencies:
    ee-first "1.1.0"

parseurl@~1.3.0:
  version "1.3.3"
  resolved "https://registry.npmjs.org/parseurl/-/parseurl-1.3.3.tgz#9da19e7bee8d12dff0513ed5b76957793bc2e8d4"
  integrity sha512-CiyeOxFT/JZyN5m0z9PfXw4SCBJ6Sygz1Dpl0wqjlhDEGGBP1GnsUVEL0p63hoG1fcj3fHynXi9NYO4nWOL+qQ==

path-to-regexp@0.1.3:
  version "0.1.3"
  resolved "https://registry.npmjs.org/path-to-regexp/-/path-to-regexp-0.1.3.tgz#21b9ab82274279de25b156ea08fd12ca51b8aecb"
  integrity sha1-IbmrgidCed4lsVbqCP0SylG4rss=

proxy-addr@~1.0.3:
  version "1.0.10"
  resolved "https://registry.npmjs.org/proxy-addr/-/proxy-addr-1.0.10.tgz#0d40a82f801fc355567d2ecb65efe3f077f121c5"
  integrity sha1-DUCoL4Afw1VWfS7LZe/j8HfxIcU=
  dependencies:
    forwarded "~0.1.0"
    ipaddr.js "1.0.5"

qs@2.2.4:
  version "2.2.4"
  resolved "https://registry.npmjs.org/qs/-/qs-2.2.4.tgz#2e9fbcd34b540e3421c924ecd01e90aa975319c8"
  integrity sha1-Lp+800tUDjQhySTs0B6QqpdTGcg=

range-parser@~1.0.2:
  version "1.0.3"
  resolved "https://registry.npmjs.org/range-parser/-/range-parser-1.0.3.tgz#6872823535c692e2c2a0103826afd82c2e0ff175"
  integrity sha1-aHKCNTXGkuLCoBA4Jq/YLC4P8XU=

send@0.9.3:
  version "0.9.3"
  resolved "https://registry.npmjs.org/send/-/send-0.9.3.tgz#b43a7414cd089b7fbec9b755246f7c37b7b85cc0"
  integrity sha1-tDp0FM0Im3++ybdVJG98N7e4XMA=
  dependencies:
    debug "~2.0.0"
    depd "0.4.5"
    destroy "1.0.3"
    escape-html "1.0.1"
    etag "~1.4.0"
    fresh "0.2.4"
    mime "1.2.11"
    ms "0.6.2"
    on-finished "2.1.0"
    range-parser "~1.0.2"

serve-static@~1.6.4:
  version "1.6.5"
  resolved "https://registry.npmjs.org/serve-static/-/serve-static-1.6.5.tgz#aca17e0deac4a87729f6078781b7d27f63aa3d9c"
  integrity sha1-rKF+DerEqHcp9geHgbfSf2OqPZw=
  dependencies:
    escape-html "1.0.1"
    parseurl "~1.3.0"
    send "0.9.3"
    utils-merge "1.0.0"

socket.io-adapter@~2.3.1:
  version "2.3.1"
  resolved "https://registry.npmjs.org/socket.io-adapter/-/socket.io-adapter-2.3.1.tgz#a442720cb09a4823cfb81287dda1f9b52d4ccdb2"
  integrity sha512-8cVkRxI8Nt2wadkY6u60Y4rpW3ejA1rxgcK2JuyIhmF+RMNpTy1QRtkHIDUOf3B4HlQwakMsWbKftMv/71VMmw==

socket.io-parser@~4.0.4:
  version "4.0.4"
  resolved "https://registry.npmjs.org/socket.io-parser/-/socket.io-parser-4.0.4.tgz#9ea21b0d61508d18196ef04a2c6b9ab630f4c2b0"
  integrity sha512-t+b0SS+IxG7Rxzda2EVvyBZbvFPBCjJoyHuE0P//7OAsN23GItzDRdWa6ALxZI/8R5ygK7jAR6t028/z+7295g==
  dependencies:
    "@types/component-emitter" "^1.2.10"
    component-emitter "~1.3.0"
    debug "~4.3.1"

socket.io@latest:
  version "4.1.3"
  resolved "https://registry.npmjs.org/socket.io/-/socket.io-4.1.3.tgz#d114328ef27ab31b889611792959c3fa6d502500"
  integrity sha512-tLkaY13RcO4nIRh1K2hT5iuotfTaIQw7cVIe0FUykN3SuQi0cm7ALxuyT5/CtDswOMWUzMGTibxYNx/gU7In+Q==
  dependencies:
    "@types/cookie" "^0.4.0"
    "@types/cors" "^2.8.10"
    "@types/node" ">=10.0.0"
    accepts "~1.3.4"
    base64id "~2.0.0"
    debug "~4.3.1"
    engine.io "~5.1.1"
    socket.io-adapter "~2.3.1"
    socket.io-parser "~4.0.4"

type-is@~1.5.2:
  version "1.5.7"
  resolved "https://registry.npmjs.org/type-is/-/type-is-1.5.7.tgz#b9368a593cc6ef7d0645e78b2f4c64cbecd05e90"
  integrity sha1-uTaKWTzG730GReeLL0xky+zQXpA=
  dependencies:
    media-typer "0.3.0"
    mime-types "~2.0.9"

utils-merge@1.0.0:
  version "1.0.0"
  resolved "https://registry.npmjs.org/utils-merge/-/utils-merge-1.0.0.tgz#0294fb922bb9375153541c4f7096231f287c8af8"
  integrity sha1-ApT7kiu5N1FTVBxPcJYjHyh8ivg=

vary@^1:
  version "1.1.2"
  resolved "https://registry.npmjs.org/vary/-/vary-1.1.2.tgz#2299f02c6ded30d4a5961b0b9f74524a18f634fc"
  integrity sha1-IpnwLG3tMNSllhsLn3RSShj2NPw=

vary@~1.0.0:
  version "1.0.1"
  resolved "https://registry.npmjs.org/vary/-/vary-1.0.1.tgz#99e4981566a286118dfb2b817357df7993376d10"
  integrity sha1-meSYFWaihhGN+yuBc1ffeZM3bRA=

ws@~7.4.2:
  version "7.4.6"
  resolved "https://registry.npmjs.org/ws/-/ws-7.4.6.tgz#5654ca8ecdeee47c33a9a4bf6d28e2be2980377c"
  integrity sha512-YmhHDO4MzaDLB+M9ym/mDA5z0naX8j7SIlT8f8z+I0VtzsRbekxEutHSme7NPS2qE8StCYQNUnfWdXta/Yu85A==
